
Microsoft Visual Studio Solution File, Format Version 11.00
# Visual Studio 2010
Project("{FAE04EC0-301F-11D3-BF4B-00C04F79EFBC}") = "Assembly-CSharp", "Assembly-CSharp.csproj", "{6fcadf47-9f88-36d6-890a-11f882532fa1}"
EndProject
Project("{FAE04EC0-301F-11D3-BF4B-00C04F79EFBC}") = "Assembly-CSharp-Editor", "Assembly-CSharp-Editor.csproj", "{79b853fe-c756-bc86-76bf-3279e3952bbc}"
EndProject
Project("{FAE04EC0-301F-11D3-BF4B-00C04F79EFBC}") = "TextToTMP.Editor", "TextToTMP.Editor.csproj", "{1c4a3a06-ff1d-1966-9798-d36ea1cd9458}"
EndProject
Global
	GlobalSection(SolutionConfigurationPlatforms) = preSolution
		Debug|Any CPU = Debug|Any CPU
	EndGlobalSection
	GlobalSection(ProjectConfigurationPlatforms) = postSolution
		{6fcadf47-9f88-36d6-890a-11f882532fa1}.Debug|Any CPU.ActiveCfg = Debug|Any CPU
		{6fcadf47-9f88-36d6-890a-11f882532fa1}.Debug|Any CPU.Build.0 = Debug|Any CPU
		{79b853fe-c756-bc86-76bf-3279e3952bbc}.Debug|Any CPU.ActiveCfg = Debug|Any CPU
		{79b853fe-c756-bc86-76bf-3279e3952bbc}.Debug|Any CPU.Build.0 = Debug|Any CPU
		{1c4a3a06-ff1d-1966-9798-d36ea1cd9458}.Debug|Any CPU.ActiveCfg = Debug|Any CPU
		{1c4a3a06-ff1d-1966-9798-d36ea1cd9458}.Debug|Any CPU.Build.0 = Debug|Any CPU
	EndGlobalSection
	GlobalSection(SolutionProperties) = preSolution
		HideSolutionNode = FALSE
	EndGlobalSection
EndGlobal
